
Microsoft Visual Studio Solution File, Format Version 12.00
# Visual Studio Version 16
VisualStudioVersion = 16.0.30011.22
MinimumVisualStudioVersion = 10.0.40219.1
Project("{FAE04EC0-301F-11D3-BF4B-00C04F79EFBC}") = "weatherAlertFunction", "weatherAlertFunction\weatherAlertFunction.csproj", "{A50981B8-0259-4DE5-9F7C-2C380904F3C7}"
EndProject
Global
	GlobalSection(SolutionConfigurationPlatforms) = preSolution
		Debug|Any CPU = Debug|Any CPU
		Release|Any CPU = Release|Any CPU
	EndGlobalSection
	GlobalSection(ProjectConfigurationPlatforms) = postSolution
		{A50981B8-0259-4DE5-9F7C-2C380904F3C7}.Debug|Any CPU.ActiveCfg = Debug|Any CPU
		{A50981B8-0259-4DE5-9F7C-2C380904F3C7}.Debug|Any CPU.Build.0 = Debug|Any CPU
		{A50981B8-0259-4DE5-9F7C-2C380904F3C7}.Release|Any CPU.ActiveCfg = Release|Any CPU
		{A50981B8-0259-4DE5-9F7C-2C380904F3C7}.Release|Any CPU.Build.0 = Release|Any CPU
	EndGlobalSection
	GlobalSection(SolutionProperties) = preSolution
		HideSolutionNode = FALSE
	EndGlobalSection
	GlobalSection(ExtensibilityGlobals) = postSolution
		SolutionGuid = {115874B0-5FA9-4A08-AB25-CA1F52C395F2}
	EndGlobalSection
EndGlobal
